
Microsoft Visual Studio Solution File, Format Version 12.00
# Visual Studio Version 17
VisualStudioVersion = 17.1.32127.271
MinimumVisualStudioVersion = 10.0.40219.1
Project("{2150E333-8FDC-42A3-9474-1A3956D46DE8}") = "UI_Layer", "UI_Layer", "{213DD313-6548-4FE8-8877-0229CE76B28F}"
EndProject
Project("{2150E333-8FDC-42A3-9474-1A3956D46DE8}") = "Application_Core", "Application_Core", "{54D7D86D-E1FA-4391-8D53-E6D19B76F412}"
EndProject
Project("{2150E333-8FDC-42A3-9474-1A3956D46DE8}") = "Common", "Common", "{65582284-FF1A-40F9-83E2-17EBE479764F}"
EndProject
Project("{2150E333-8FDC-42A3-9474-1A3956D46DE8}") = "Tests", "Tests", "{9CBB152C-E7E9-40B9-8DA0-4DF116C47A4F}"
EndProject
Project("{2150E333-8FDC-42A3-9474-1A3956D46DE8}") = "BusinessEntities", "BusinessEntities", "{0A5963F8-187A-4C22-AB65-6EB49DB6697B}"
EndProject
Project("{FAE04EC0-301F-11D3-BF4B-00C04F79EFBC}") = "BusinessEntity", "BusinessEntity\BusinessEntity.csproj", "{C74A1DB9-4816-4EEE-9ECB-484826C2390A}"
EndProject
Project("{2150E333-8FDC-42A3-9474-1A3956D46DE8}") = "Web_Layer_MVC", "Web_Layer_MVC", "{49C0267A-3161-41B1-8B9B-714C9712EE3F}"
EndProject
Project("{FAE04EC0-301F-11D3-BF4B-00C04F79EFBC}") = "Crud.Web", "Crud.Web\Crud.Web.csproj", "{539F6D44-8B88-492D-BBB7-83A8BDF054EB}"
EndProject
Project("{FAE04EC0-301F-11D3-BF4B-00C04F79EFBC}") = "StudentServices", "StudentServices\StudentServices.csproj", "{FF532114-75A2-4B07-8CF1-BD1F3C339843}"
EndProject
Project("{2150E333-8FDC-42A3-9474-1A3956D46DE8}") = "Documents", "Documents", "{8F75D854-88BA-49F8-987A-748AD4CA0BAD}"
EndProject
Project("{FAE04EC0-301F-11D3-BF4B-00C04F79EFBC}") = "Documents", "Documents\Documents.csproj", "{6133FE81-6EE8-4E3C-9215-635B3D2E2E1A}"
EndProject
Project("{2150E333-8FDC-42A3-9474-1A3956D46DE8}") = "BusinessLogics", "BusinessLogics", "{E91B3674-1546-4F6A-A9D8-04AF8E727FBE}"
EndProject
Project("{2150E333-8FDC-42A3-9474-1A3956D46DE8}") = "BusinessLogicsInfrastrcture", "BusinessLogicsInfrastrcture", "{141E980D-27A9-4B3E-807D-62B2287DEEE4}"
EndProject
Project("{FAE04EC0-301F-11D3-BF4B-00C04F79EFBC}") = "BusinessLogics", "BusinessLogics\BusinessLogics.csproj", "{DFADC2AA-4F61-46ED-BAAF-1FE708BCDE76}"
EndProject
Project("{2150E333-8FDC-42A3-9474-1A3956D46DE8}") = "BusinessServices", "BusinessServices", "{41C67973-5DF9-4357-9EB1-CD081F64AF66}"
EndProject
Project("{2150E333-8FDC-42A3-9474-1A3956D46DE8}") = "StudentsInfrastructure", "StudentsInfrastructure", "{533E5047-A499-462B-9F03-7EFC7A89EA11}"
EndProject
Project("{2150E333-8FDC-42A3-9474-1A3956D46DE8}") = "StudentServices", "StudentServices", "{076AEC7F-F8D9-4827-A876-F70BBDB9C9CA}"
EndProject
Global
	GlobalSection(SolutionConfigurationPlatforms) = preSolution
		Debug|Any CPU = Debug|Any CPU
		Release|Any CPU = Release|Any CPU
	EndGlobalSection
	GlobalSection(ProjectConfigurationPlatforms) = postSolution
		{C74A1DB9-4816-4EEE-9ECB-484826C2390A}.Debug|Any CPU.ActiveCfg = Debug|Any CPU
		{C74A1DB9-4816-4EEE-9ECB-484826C2390A}.Debug|Any CPU.Build.0 = Debug|Any CPU
		{C74A1DB9-4816-4EEE-9ECB-484826C2390A}.Release|Any CPU.ActiveCfg = Release|Any CPU
		{C74A1DB9-4816-4EEE-9ECB-484826C2390A}.Release|Any CPU.Build.0 = Release|Any CPU
		{539F6D44-8B88-492D-BBB7-83A8BDF054EB}.Debug|Any CPU.ActiveCfg = Debug|Any CPU
		{539F6D44-8B88-492D-BBB7-83A8BDF054EB}.Debug|Any CPU.Build.0 = Debug|Any CPU
		{539F6D44-8B88-492D-BBB7-83A8BDF054EB}.Release|Any CPU.ActiveCfg = Release|Any CPU
		{539F6D44-8B88-492D-BBB7-83A8BDF054EB}.Release|Any CPU.Build.0 = Release|Any CPU
		{FF532114-75A2-4B07-8CF1-BD1F3C339843}.Debug|Any CPU.ActiveCfg = Debug|Any CPU
		{FF532114-75A2-4B07-8CF1-BD1F3C339843}.Debug|Any CPU.Build.0 = Debug|Any CPU
		{FF532114-75A2-4B07-8CF1-BD1F3C339843}.Release|Any CPU.ActiveCfg = Release|Any CPU
		{FF532114-75A2-4B07-8CF1-BD1F3C339843}.Release|Any CPU.Build.0 = Release|Any CPU
		{6133FE81-6EE8-4E3C-9215-635B3D2E2E1A}.Debug|Any CPU.ActiveCfg = Debug|Any CPU
		{6133FE81-6EE8-4E3C-9215-635B3D2E2E1A}.Debug|Any CPU.Build.0 = Debug|Any CPU
		{6133FE81-6EE8-4E3C-9215-635B3D2E2E1A}.Release|Any CPU.ActiveCfg = Release|Any CPU
		{6133FE81-6EE8-4E3C-9215-635B3D2E2E1A}.Release|Any CPU.Build.0 = Release|Any CPU
		{DFADC2AA-4F61-46ED-BAAF-1FE708BCDE76}.Debug|Any CPU.ActiveCfg = Debug|Any CPU
		{DFADC2AA-4F61-46ED-BAAF-1FE708BCDE76}.Debug|Any CPU.Build.0 = Debug|Any CPU
		{DFADC2AA-4F61-46ED-BAAF-1FE708BCDE76}.Release|Any CPU.ActiveCfg = Release|Any CPU
		{DFADC2AA-4F61-46ED-BAAF-1FE708BCDE76}.Release|Any CPU.Build.0 = Release|Any CPU
	EndGlobalSection
	GlobalSection(SolutionProperties) = preSolution
		HideSolutionNode = FALSE
	EndGlobalSection
	GlobalSection(NestedProjects) = preSolution
		{65582284-FF1A-40F9-83E2-17EBE479764F} = {54D7D86D-E1FA-4391-8D53-E6D19B76F412}
		{0A5963F8-187A-4C22-AB65-6EB49DB6697B} = {65582284-FF1A-40F9-83E2-17EBE479764F}
		{C74A1DB9-4816-4EEE-9ECB-484826C2390A} = {0A5963F8-187A-4C22-AB65-6EB49DB6697B}
		{49C0267A-3161-41B1-8B9B-714C9712EE3F} = {213DD313-6548-4FE8-8877-0229CE76B28F}
		{539F6D44-8B88-492D-BBB7-83A8BDF054EB} = {49C0267A-3161-41B1-8B9B-714C9712EE3F}
		{FF532114-75A2-4B07-8CF1-BD1F3C339843} = {076AEC7F-F8D9-4827-A876-F70BBDB9C9CA}
		{8F75D854-88BA-49F8-987A-748AD4CA0BAD} = {65582284-FF1A-40F9-83E2-17EBE479764F}
		{6133FE81-6EE8-4E3C-9215-635B3D2E2E1A} = {8F75D854-88BA-49F8-987A-748AD4CA0BAD}
		{E91B3674-1546-4F6A-A9D8-04AF8E727FBE} = {65582284-FF1A-40F9-83E2-17EBE479764F}
		{141E980D-27A9-4B3E-807D-62B2287DEEE4} = {E91B3674-1546-4F6A-A9D8-04AF8E727FBE}
		{DFADC2AA-4F61-46ED-BAAF-1FE708BCDE76} = {141E980D-27A9-4B3E-807D-62B2287DEEE4}
		{41C67973-5DF9-4357-9EB1-CD081F64AF66} = {65582284-FF1A-40F9-83E2-17EBE479764F}
		{533E5047-A499-462B-9F03-7EFC7A89EA11} = {41C67973-5DF9-4357-9EB1-CD081F64AF66}
		{076AEC7F-F8D9-4827-A876-F70BBDB9C9CA} = {533E5047-A499-462B-9F03-7EFC7A89EA11}
	EndGlobalSection
	GlobalSection(ExtensibilityGlobals) = postSolution
		SolutionGuid = {8055A288-0F18-47B2-9CE4-7FD386E49781}
	EndGlobalSection
EndGlobal
